
Microsoft Visual Studio Solution File, Format Version 12.00
# Visual Studio Version 17
VisualStudioVersion = 17.3.32929.385
MinimumVisualStudioVersion = 10.0.40219.1
Project("{9A19103F-16F7-4668-BE54-9A1E7A4F7556}") = "ToDo WEB API", "ToDo WEB API.csproj", "{3617D698-6CB0-4AC1-AFC8-55A00C2FC286}"
EndProject
Global
	GlobalSection(SolutionConfigurationPlatforms) = preSolution
		Debug|Any CPU = Debug|Any CPU
		Release|Any CPU = Release|Any CPU
	EndGlobalSection
	GlobalSection(ProjectConfigurationPlatforms) = postSolution
		{3617D698-6CB0-4AC1-AFC8-55A00C2FC286}.Debug|Any CPU.ActiveCfg = Debug|Any CPU
		{3617D698-6CB0-4AC1-AFC8-55A00C2FC286}.Debug|Any CPU.Build.0 = Debug|Any CPU
		{3617D698-6CB0-4AC1-AFC8-55A00C2FC286}.Release|Any CPU.ActiveCfg = Release|Any CPU
		{3617D698-6CB0-4AC1-AFC8-55A00C2FC286}.Release|Any CPU.Build.0 = Release|Any CPU
	EndGlobalSection
	GlobalSection(SolutionProperties) = preSolution
		HideSolutionNode = FALSE
	EndGlobalSection
	GlobalSection(ExtensibilityGlobals) = postSolution
		SolutionGuid = {F2E9D4B2-D671-4881-ABB2-18EBE704B253}
	EndGlobalSection
EndGlobal
